{
  "requires": true,
  "lockfileVersion": 1,
  "dependencies": {
    "@babel/runtime": {
      "version": "7.6.3",
      "resolved": "https://registry.npmjs.org/@babel/runtime/-/runtime-7.6.3.tgz",
      "integrity": "sha512-kq6anf9JGjW8Nt5rYfEuGRaEAaH1mkv3Bbu6rYvLOpPh/RusSJXuKPEAoZ7L7gybZkchE8+NV5g9vKF4AGAtsA==",
      "requires": {
        "regenerator-runtime": "^0.13.2"
      }
    },
    "@restart/context": {
      "version": "2.1.4",
      "resolved": "https://registry.npmjs.org/@restart/context/-/context-2.1.4.tgz",
      "integrity": "sha512-INJYZQJP7g+IoDUh/475NlGiTeMfwTXUEr3tmRneckHIxNolGOW9CTq83S8cxq0CgJwwcMzMJFchxvlwe7Rk8Q=="
    },
    "@restart/hooks": {
      "version": "0.3.14",
      "resolved": "https://registry.npmjs.org/@restart/hooks/-/hooks-0.3.14.tgz",
      "integrity": "sha512-k57+iyGr6o1XHeWWsGe5aMHKYcw7fukL6mCE+ZrPjtt1gXei5wCUxj71yQYfFbNjg0z5xxX8Els/UmyJiEn4nw=="
    },
    "@types/prop-types": {
      "version": "15.7.3",
      "resolved": "https://registry.npmjs.org/@types/prop-types/-/prop-types-15.7.3.tgz",
      "integrity": "sha512-KfRL3PuHmqQLOG+2tGpRO26Ctg+Cq1E01D2DMriKEATHgWLfeNDmq9e29Q9WIky0dQ3NPkd1mzYH8Lm936Z9qw=="
    },
    "@types/react": {
      "version": "16.9.7",
      "resolved": "https://registry.npmjs.org/@types/react/-/react-16.9.7.tgz",
      "integrity": "sha512-cF/zwVSOa/NQ5ZSLwUmAdeARgJkmu94shnqDO0dUOsp5roeS8SXtYv06uKeQMYgMjnP6dXH5CecxL+GibvqEFg==",
      "requires": {
        "@types/prop-types": "*",
        "csstype": "^2.2.0"
      }
    },
    "classnames": {
      "version": "2.2.6",
      "resolved": "https://registry.npmjs.org/classnames/-/classnames-2.2.6.tgz",
      "integrity": "sha512-JR/iSQOSt+LQIWwrwEzJ9uk0xfN3mTVYMwt1Ir5mUcSN6pU+V4zQFFaJsclJbPuAUQH+yfWef6tm7l1quW3C8Q=="
    },
    "create-react-context": {
      "version": "0.3.0",
      "resolved": "https://registry.npmjs.org/create-react-context/-/create-react-context-0.3.0.tgz",
      "integrity": "sha512-dNldIoSuNSvlTJ7slIKC/ZFGKexBMBrrcc+TTe1NdmROnaASuLPvqpwj9v4XS4uXZ8+YPu0sNmShX2rXI5LNsw==",
      "requires": {
        "gud": "^1.0.0",
        "warning": "^4.0.3"
      }
    },
    "csstype": {
      "version": "2.6.7",
      "resolved": "https://registry.npmjs.org/csstype/-/csstype-2.6.7.tgz",
      "integrity": "sha512-9Mcn9sFbGBAdmimWb2gLVDtFJzeKtDGIr76TUqmjZrw9LFXBMSU70lcs+C0/7fyCd6iBDqmksUcCOUIkisPHsQ=="
    },
    "dom-helpers": {
      "version": "3.4.0",
      "resolved": "https://registry.npmjs.org/dom-helpers/-/dom-helpers-3.4.0.tgz",
      "integrity": "sha512-LnuPJ+dwqKDIyotW1VzmOZ5TONUN7CwkCR5hrgawTUbkBGYdeoNLZo6nNfGkCrjtE1nXXaj7iMMpDa8/d9WoIA==",
      "requires": {
        "@babel/runtime": "^7.1.2"
      }
    },
    "gud": {
      "version": "1.0.0",
      "resolved": "https://registry.npmjs.org/gud/-/gud-1.0.0.tgz",
      "integrity": "sha512-zGEOVKFM5sVPPrYs7J5/hYEw2Pof8KCyOwyhG8sAF26mCAeUFAcYPu1mwB7hhpIP29zOIBaDqwuHdLp0jvZXjw=="
    },
    "history": {
      "version": "4.10.1",
      "resolved": "https://registry.npmjs.org/history/-/history-4.10.1.tgz",
      "integrity": "sha512-36nwAD620w12kuzPAsyINPWJqlNbij+hpK1k9XRloDtym8mxzGYl2c17LnV6IAGB2Dmg4tEa7G7DlawS0+qjew==",
      "requires": {
        "@babel/runtime": "^7.1.2",
        "loose-envify": "^1.2.0",
        "resolve-pathname": "^3.0.0",
        "tiny-invariant": "^1.0.2",
        "tiny-warning": "^1.0.0",
        "value-equal": "^1.0.1"
      }
    },
    "hoist-non-react-statics": {
      "version": "3.3.0",
      "resolved": "https://registry.npmjs.org/hoist-non-react-statics/-/hoist-non-react-statics-3.3.0.tgz",
      "integrity": "sha512-0XsbTXxgiaCDYDIWFcwkmerZPSwywfUqYmwT4jzewKTQSWoE6FCMoUVOeBJWK3E/CrWbxRG3m5GzY4lnIwGRBA==",
      "requires": {
        "react-is": "^16.7.0"
      }
    },
    "invariant": {
      "version": "2.2.4",
      "resolved": "https://registry.npmjs.org/invariant/-/invariant-2.2.4.tgz",
      "integrity": "sha512-phJfQVBuaJM5raOpJjSfkiD6BpbCE4Ns//LaXl6wGYtUBY83nWS6Rf9tXm2e8VaK60JEjYldbPif/A2B1C2gNA==",
      "requires": {
        "loose-envify": "^1.0.0"
      }
    },
    "isarray": {
      "version": "0.0.1",
      "resolved": "https://registry.npmjs.org/isarray/-/isarray-0.0.1.tgz",
      "integrity": "sha1-ihis/Kmo9Bd+Cav8YDiTmwXR7t8="
    },
    "js-tokens": {
      "version": "4.0.0",
      "resolved": "https://registry.npmjs.org/js-tokens/-/js-tokens-4.0.0.tgz",
      "integrity": "sha512-RdJUflcE3cUzKiMqQgsCu06FPu9UdIJO0beYbPhHN4k6apgJtifcoCtT9bcxOpYBtpD2kCM6Sbzg4CausW/PKQ=="
    },
    "keycode": {
      "version": "2.2.0",
      "resolved": "https://registry.npmjs.org/keycode/-/keycode-2.2.0.tgz",
      "integrity": "sha1-PQr1bce4uOXLqNCpfxByBO7CKwQ="
    },
    "loose-envify": {
      "version": "1.4.0",
      "resolved": "https://registry.npmjs.org/loose-envify/-/loose-envify-1.4.0.tgz",
      "integrity": "sha512-lyuxPGr/Wfhrlem2CL/UcnUc1zcqKAImBDzukY7Y5F/yQiNdko6+fRLevlw1HgMySw7f611UIY408EtxRSoK3Q==",
      "requires": {
        "js-tokens": "^3.0.0 || ^4.0.0"
      }
    },
    "mini-create-react-context": {
      "version": "0.3.2",
      "resolved": "https://registry.npmjs.org/mini-create-react-context/-/mini-create-react-context-0.3.2.tgz",
      "integrity": "sha512-2v+OeetEyliMt5VHMXsBhABoJ0/M4RCe7fatd/fBy6SMiKazUSEt3gxxypfnk2SHMkdBYvorHRoQxuGoiwbzAw==",
      "requires": {
        "@babel/runtime": "^7.4.0",
        "gud": "^1.0.0",
        "tiny-warning": "^1.0.2"
      }
    },
    "object-assign": {
      "version": "4.1.1",
      "resolved": "https://registry.npmjs.org/object-assign/-/object-assign-4.1.1.tgz",
      "integrity": "sha1-IQmtx5ZYh8/AXLvUQsrIv7s2CGM="
    },
    "path-to-regexp": {
      "version": "1.7.0",
      "resolved": "https://registry.npmjs.org/path-to-regexp/-/path-to-regexp-1.7.0.tgz",
      "integrity": "sha1-Wf3g9DW62suhA6hOnTvGTpa5k30=",
      "requires": {
        "isarray": "0.0.1"
      }
    },
    "popper.js": {
      "version": "1.16.0",
      "resolved": "https://registry.npmjs.org/popper.js/-/popper.js-1.16.0.tgz",
      "integrity": "sha512-+G+EkOPoE5S/zChTpmBSSDYmhXJ5PsW8eMhH8cP/CQHMFPBG/kC9Y5IIw6qNYgdJ+/COf0ddY2li28iHaZRSjw=="
    },
    "prop-types": {
      "version": "15.7.2",
      "resolved": "https://registry.npmjs.org/prop-types/-/prop-types-15.7.2.tgz",
      "integrity": "sha512-8QQikdH7//R2vurIJSutZ1smHYTcLpRWEOlHnzcWHmBYrOGUysKwSsrC89BCiFj3CbrfJ/nXFdJepOVrY1GCHQ==",
      "requires": {
        "loose-envify": "^1.4.0",
        "object-assign": "^4.1.1",
        "react-is": "^16.8.1"
      }
    },
    "prop-types-extra": {
      "version": "1.1.0",
      "resolved": "https://registry.npmjs.org/prop-types-extra/-/prop-types-extra-1.1.0.tgz",
      "integrity": "sha512-QFyuDxvMipmIVKD2TwxLVPzMnO4e5oOf1vr3tJIomL8E7d0lr6phTHd5nkPhFIzTD1idBLLEPeylL9g+rrTzRg==",
      "requires": {
        "react-is": "^16.3.2",
        "warning": "^3.0.0"
      },
      "dependencies": {
        "warning": {
          "version": "3.0.0",
          "resolved": "https://registry.npmjs.org/warning/-/warning-3.0.0.tgz",
          "integrity": "sha1-MuU3fLVy3kqwR1O9+IIcAe1gW3w=",
          "requires": {
            "loose-envify": "^1.0.0"
          }
        }
      }
    },
    "react-bootstrap": {
      "version": "1.0.0-beta.14",
      "resolved": "https://registry.npmjs.org/react-bootstrap/-/react-bootstrap-1.0.0-beta.14.tgz",
      "integrity": "sha512-UGK5f78FE8wAei1YL/oSwFlJZLqxJ/h4S8DCwHyY8hQjFCrjEW5PoEBTOOhQ6PQL6WOsZe1jkiOJG7L5TZWu+w==",
      "requires": {
        "@babel/runtime": "^7.4.2",
        "@restart/context": "^2.1.4",
        "@restart/hooks": "^0.3.11",
        "@types/react": "^16.8.23",
        "classnames": "^2.2.6",
        "dom-helpers": "^3.4.0",
        "invariant": "^2.2.4",
        "keycode": "^2.2.0",
        "popper.js": "^1.14.7",
        "prop-types": "^15.7.2",
        "prop-types-extra": "^1.1.0",
        "react-overlays": "^1.2.0",
        "react-transition-group": "^4.0.0",
        "uncontrollable": "^7.0.0",
        "warning": "^4.0.3"
      }
    },
    "react-context-toolbox": {
      "version": "2.0.2",
      "resolved": "https://registry.npmjs.org/react-context-toolbox/-/react-context-toolbox-2.0.2.tgz",
      "integrity": "sha512-tY4j0imkYC3n5ZlYSgFkaw7fmlCp3IoQQ6DxpqeNHzcD0hf+6V+/HeJxviLUZ1Rv1Yn3N3xyO2EhkkZwHn0m1A=="
    },
    "react-is": {
      "version": "16.10.2",
      "resolved": "https://registry.npmjs.org/react-is/-/react-is-16.10.2.tgz",
      "integrity": "sha512-INBT1QEgtcCCgvccr5/86CfD71fw9EPmDxgiJX4I2Ddr6ZsV6iFXsuby+qWJPtmNuMY0zByTsG4468P7nHuNWA=="
    },
    "react-lifecycles-compat": {
      "version": "3.0.4",
      "resolved": "https://registry.npmjs.org/react-lifecycles-compat/-/react-lifecycles-compat-3.0.4.tgz",
      "integrity": "sha512-fBASbA6LnOU9dOU2eW7aQ8xmYBSXUIWr+UmF9b1efZBazGNO+rcXT/icdKnYm2pTwcRylVUYwW7H1PHfLekVzA=="
    },
    "react-overlays": {
      "version": "1.2.0",
      "resolved": "https://registry.npmjs.org/react-overlays/-/react-overlays-1.2.0.tgz",
      "integrity": "sha512-i/FCV8wR6aRaI+Kz/dpJhOdyx+ah2tN1RhT9InPrexyC4uzf3N4bNayFTGtUeQVacj57j1Mqh1CwV60/5153Iw==",
      "requires": {
        "classnames": "^2.2.6",
        "dom-helpers": "^3.4.0",
        "prop-types": "^15.6.2",
        "prop-types-extra": "^1.1.0",
        "react-context-toolbox": "^2.0.2",
        "react-popper": "^1.3.2",
        "uncontrollable": "^6.0.0",
        "warning": "^4.0.2"
      },
      "dependencies": {
        "uncontrollable": {
          "version": "6.2.3",
          "resolved": "https://registry.npmjs.org/uncontrollable/-/uncontrollable-6.2.3.tgz",
          "integrity": "sha512-VgOAoBU2ptCL2bfTG2Mra0I8i1u6Aq84AFonD5tmCAYSfs3hWvr2Rlw0q2ntoxXTHjcQOmZOh3FKaN+UZVyREQ==",
          "requires": {
            "@babel/runtime": "^7.4.5",
            "invariant": "^2.2.4"
          }
        }
      }
    },
    "react-popper": {
      "version": "1.3.4",
      "resolved": "https://registry.npmjs.org/react-popper/-/react-popper-1.3.4.tgz",
      "integrity": "sha512-9AcQB29V+WrBKk6X7p0eojd1f25/oJajVdMZkywIoAV6Ag7hzE1Mhyeup2Q1QnvFRtGQFQvtqfhlEoDAPfKAVA==",
      "requires": {
        "@babel/runtime": "^7.1.2",
        "create-react-context": "^0.3.0",
        "popper.js": "^1.14.4",
        "prop-types": "^15.6.1",
        "typed-styles": "^0.0.7",
        "warning": "^4.0.2"
      }
    },
    "react-router": {
      "version": "5.1.2",
      "resolved": "https://registry.npmjs.org/react-router/-/react-router-5.1.2.tgz",
      "integrity": "sha512-yjEuMFy1ONK246B+rsa0cUam5OeAQ8pyclRDgpxuSCrAlJ1qN9uZ5IgyKC7gQg0w8OM50NXHEegPh/ks9YuR2A==",
      "requires": {
        "@babel/runtime": "^7.1.2",
        "history": "^4.9.0",
        "hoist-non-react-statics": "^3.1.0",
        "loose-envify": "^1.3.1",
        "mini-create-react-context": "^0.3.0",
        "path-to-regexp": "^1.7.0",
        "prop-types": "^15.6.2",
        "react-is": "^16.6.0",
        "tiny-invariant": "^1.0.2",
        "tiny-warning": "^1.0.0"
      }
    },
    "react-router-dom": {
      "version": "5.1.2",
      "resolved": "https://registry.npmjs.org/react-router-dom/-/react-router-dom-5.1.2.tgz",
      "integrity": "sha512-7BPHAaIwWpZS074UKaw1FjVdZBSVWEk8IuDXdB+OkLb8vd/WRQIpA4ag9WQk61aEfQs47wHyjWUoUGGZxpQXew==",
      "requires": {
        "@babel/runtime": "^7.1.2",
        "history": "^4.9.0",
        "loose-envify": "^1.3.1",
        "prop-types": "^15.6.2",
        "react-router": "5.1.2",
        "tiny-invariant": "^1.0.2",
        "tiny-warning": "^1.0.0"
      }
    },
    "react-transition-group": {
      "version": "4.3.0",
      "resolved": "https://registry.npmjs.org/react-transition-group/-/react-transition-group-4.3.0.tgz",
      "integrity": "sha512-1qRV1ZuVSdxPlPf4O8t7inxUGpdyO5zG9IoNfJxSO0ImU2A1YWkEQvFPuIPZmMLkg5hYs7vv5mMOyfgSkvAwvw==",
      "requires": {
        "@babel/runtime": "^7.5.5",
        "dom-helpers": "^5.0.1",
        "loose-envify": "^1.4.0",
        "prop-types": "^15.6.2"
      },
      "dependencies": {
        "dom-helpers": {
          "version": "5.1.0",
          "resolved": "https://registry.npmjs.org/dom-helpers/-/dom-helpers-5.1.0.tgz",
          "integrity": "sha512-zRRYDhpiKuAJHasOqCm7lBnsd22nrM4+OYI4ASWCxen+ocTMl7BIAKgGag97TlLiTl6rrau5aPe1VGUm9jQBng==",
          "requires": {
            "@babel/runtime": "^7.5.5",
            "csstype": "^2.6.6"
          }
        }
      }
    },
    "regenerator-runtime": {
      "version": "0.13.3",
      "resolved": "https://registry.npmjs.org/regenerator-runtime/-/regenerator-runtime-0.13.3.tgz",
      "integrity": "sha512-naKIZz2GQ8JWh///G7L3X6LaQUAMp2lvb1rvwwsURe/VXwD6VMfr+/1NuNw3ag8v2kY1aQ/go5SNn79O9JU7yw=="
    },
    "resolve-pathname": {
      "version": "3.0.0",
      "resolved": "https://registry.npmjs.org/resolve-pathname/-/resolve-pathname-3.0.0.tgz",
      "integrity": "sha512-C7rARubxI8bXFNB/hqcp/4iUeIXJhJZvFPFPiSPRnhU5UPxzMFIl+2E6yY6c4k9giDJAhtV+enfA+G89N6Csng=="
    },
    "tiny-invariant": {
      "version": "1.0.6",
      "resolved": "https://registry.npmjs.org/tiny-invariant/-/tiny-invariant-1.0.6.tgz",
      "integrity": "sha512-FOyLWWVjG+aC0UqG76V53yAWdXfH8bO6FNmyZOuUrzDzK8DI3/JRY25UD7+g49JWM1LXwymsKERB+DzI0dTEQA=="
    },
    "tiny-warning": {
      "version": "1.0.3",
      "resolved": "https://registry.npmjs.org/tiny-warning/-/tiny-warning-1.0.3.tgz",
      "integrity": "sha512-lBN9zLN/oAf68o3zNXYrdCt1kP8WsiGW8Oo2ka41b2IM5JL/S1CTyX1rW0mb/zSuJun0ZUrDxx4sqvYS2FWzPA=="
    },
    "typed-styles": {
      "version": "0.0.7",
      "resolved": "https://registry.npmjs.org/typed-styles/-/typed-styles-0.0.7.tgz",
      "integrity": "sha512-pzP0PWoZUhsECYjABgCGQlRGL1n7tOHsgwYv3oIiEpJwGhFTuty/YNeduxQYzXXa3Ge5BdT6sHYIQYpl4uJ+5Q=="
    },
    "uncontrollable": {
      "version": "7.0.2",
      "resolved": "https://registry.npmjs.org/uncontrollable/-/uncontrollable-7.0.2.tgz",
      "integrity": "sha512-7fa8OBQ5+X4VAcp0os6BD74bCeUPQSHmr4Rqy75Me98NnlD5kNShCqqx4xWo4OmlAMiT2/YSMklLFC4FCuoGYg==",
      "requires": {
        "@babel/runtime": "^7.4.5",
        "invariant": "^2.2.4",
        "react-lifecycles-compat": "^3.0.4"
      }
    },
    "value-equal": {
      "version": "1.0.1",
      "resolved": "https://registry.npmjs.org/value-equal/-/value-equal-1.0.1.tgz",
      "integrity": "sha512-NOJ6JZCAWr0zlxZt+xqCHNTEKOsrks2HQd4MqhP1qy4z1SkbEP467eNx6TgDKXMvUOb+OENfJCZwM+16n7fRfw=="
    },
    "warning": {
      "version": "4.0.3",
      "resolved": "https://registry.npmjs.org/warning/-/warning-4.0.3.tgz",
      "integrity": "sha512-rpJyN222KWIvHJ/F53XSZv0Zl/accqHR8et1kpaMTD/fLCRxtV8iX8czMzY7sVZupTI3zcUTg8eycS2kNF9l6w==",
      "requires": {
        "loose-envify": "^1.0.0"
      }
    }
  }
}
